
Microsoft Visual Studio Solution File, Format Version 12.00
# Visual Studio Version 17
VisualStudioVersion = 17.10.35027.167
MinimumVisualStudioVersion = 10.0.40219.1
Project("{FAE04EC0-301F-11D3-BF4B-00C04F79EFBC}") = "VehiclePartSolution", "VehiclePartSolution\VehiclePartSolution.csproj", "{A30D876F-9FE6-4E9E-ABFC-A08D94F5052F}"
EndProject
Global
	GlobalSection(SolutionConfigurationPlatforms) = preSolution
		Debug|Any CPU = Debug|Any CPU
		Release|Any CPU = Release|Any CPU
	EndGlobalSection
	GlobalSection(ProjectConfigurationPlatforms) = postSolution
		{A30D876F-9FE6-4E9E-ABFC-A08D94F5052F}.Debug|Any CPU.ActiveCfg = Debug|Any CPU
		{A30D876F-9FE6-4E9E-ABFC-A08D94F5052F}.Debug|Any CPU.Build.0 = Debug|Any CPU
		{A30D876F-9FE6-4E9E-ABFC-A08D94F5052F}.Release|Any CPU.ActiveCfg = Release|Any CPU
		{A30D876F-9FE6-4E9E-ABFC-A08D94F5052F}.Release|Any CPU.Build.0 = Release|Any CPU
	EndGlobalSection
	GlobalSection(SolutionProperties) = preSolution
		HideSolutionNode = FALSE
	EndGlobalSection
	GlobalSection(ExtensibilityGlobals) = postSolution
		SolutionGuid = {A5FD8CB3-05DC-49A0-990F-1FAF6CA86FB3}
	EndGlobalSection
EndGlobal
